
Microsoft Visual Studio Solution File, Format Version 12.00
# Visual Studio 15
VisualStudioVersion = 15.0.28010.2046
MinimumVisualStudioVersion = 10.0.40219.1
Project("{FAE04EC0-301F-11D3-BF4B-00C04F79EFBC}") = "XVendas.Android", "XVendas\XVendas.Android\XVendas.Android.csproj", "{9482755E-F809-4F3F-8105-724050F42BE6}"
EndProject
Project("{FAE04EC0-301F-11D3-BF4B-00C04F79EFBC}") = "XVendas.iOS", "XVendas\XVendas.iOS\XVendas.iOS.csproj", "{F89C9A6B-39A4-4976-92F0-82D0B2FE6FB2}"
EndProject
Project("{FAE04EC0-301F-11D3-BF4B-00C04F79EFBC}") = "XVendas.UWP", "XVendas\XVendas.UWP\XVendas.UWP.csproj", "{0CEBD951-E3B7-4834-AFEF-A5908AF25D2F}"
EndProject
Project("{FAE04EC0-301F-11D3-BF4B-00C04F79EFBC}") = "XVendas", "XVendas\XVendas\XVendas.csproj", "{BC3DB351-9E0F-4312-B937-3EA56EA3934A}"
EndProject
Global
	GlobalSection(SolutionConfigurationPlatforms) = preSolution
		Ad-Hoc|Any CPU = Ad-Hoc|Any CPU
		Ad-Hoc|ARM = Ad-Hoc|ARM
		Ad-Hoc|iPhone = Ad-Hoc|iPhone
		Ad-Hoc|iPhoneSimulator = Ad-Hoc|iPhoneSimulator
		Ad-Hoc|x64 = Ad-Hoc|x64
		Ad-Hoc|x86 = Ad-Hoc|x86
		AppStore|Any CPU = AppStore|Any CPU
		AppStore|ARM = AppStore|ARM
		AppStore|iPhone = AppStore|iPhone
		AppStore|iPhoneSimulator = AppStore|iPhoneSimulator
		AppStore|x64 = AppStore|x64
		AppStore|x86 = AppStore|x86
		Debug|Any CPU = Debug|Any CPU
		Debug|ARM = Debug|ARM
		Debug|iPhone = Debug|iPhone
		Debug|iPhoneSimulator = Debug|iPhoneSimulator
		Debug|x64 = Debug|x64
		Debug|x86 = Debug|x86
		Release|Any CPU = Release|Any CPU
		Release|ARM = Release|ARM
		Release|iPhone = Release|iPhone
		Release|iPhoneSimulator = Release|iPhoneSimulator
		Release|x64 = Release|x64
		Release|x86 = Release|x86
	EndGlobalSection
	GlobalSection(ProjectConfigurationPlatforms) = postSolution
		{9482755E-F809-4F3F-8105-724050F42BE6}.Ad-Hoc|Any CPU.ActiveCfg = Release|Any CPU
		{9482755E-F809-4F3F-8105-724050F42BE6}.Ad-Hoc|Any CPU.Build.0 = Release|Any CPU
		{9482755E-F809-4F3F-8105-724050F42BE6}.Ad-Hoc|Any CPU.Deploy.0 = Release|Any CPU
		{9482755E-F809-4F3F-8105-724050F42BE6}.Ad-Hoc|ARM.ActiveCfg = Release|Any CPU
		{9482755E-F809-4F3F-8105-724050F42BE6}.Ad-Hoc|ARM.Build.0 = Release|Any CPU
		{9482755E-F809-4F3F-8105-724050F42BE6}.Ad-Hoc|ARM.Deploy.0 = Release|Any CPU
		{9482755E-F809-4F3F-8105-724050F42BE6}.Ad-Hoc|iPhone.ActiveCfg = Release|Any CPU
		{9482755E-F809-4F3F-8105-724050F42BE6}.Ad-Hoc|iPhone.Build.0 = Release|Any CPU
		{9482755E-F809-4F3F-8105-724050F42BE6}.Ad-Hoc|iPhone.Deploy.0 = Release|Any CPU
		{9482755E-F809-4F3F-8105-724050F42BE6}.Ad-Hoc|iPhoneSimulator.ActiveCfg = Release|Any CPU
		{9482755E-F809-4F3F-8105-724050F42BE6}.Ad-Hoc|iPhoneSimulator.Build.0 = Release|Any CPU
		{9482755E-F809-4F3F-8105-724050F42BE6}.Ad-Hoc|iPhoneSimulator.Deploy.0 = Release|Any CPU
		{9482755E-F809-4F3F-8105-724050F42BE6}.Ad-Hoc|x64.ActiveCfg = Release|Any CPU
		{9482755E-F809-4F3F-8105-724050F42BE6}.Ad-Hoc|x64.Build.0 = Release|Any CPU
		{9482755E-F809-4F3F-8105-724050F42BE6}.Ad-Hoc|x64.Deploy.0 = Release|Any CPU
		{9482755E-F809-4F3F-8105-724050F42BE6}.Ad-Hoc|x86.ActiveCfg = Release|Any CPU
		{9482755E-F809-4F3F-8105-724050F42BE6}.Ad-Hoc|x86.Build.0 = Release|Any CPU
		{9482755E-F809-4F3F-8105-724050F42BE6}.Ad-Hoc|x86.Deploy.0 = Release|Any CPU
		{9482755E-F809-4F3F-8105-724050F42BE6}.AppStore|Any CPU.ActiveCfg = Release|Any CPU
		{9482755E-F809-4F3F-8105-724050F42BE6}.AppStore|Any CPU.Build.0 = Release|Any CPU
		{9482755E-F809-4F3F-8105-724050F42BE6}.AppStore|Any CPU.Deploy.0 = Release|Any CPU
		{9482755E-F809-4F3F-8105-724050F42BE6}.AppStore|ARM.ActiveCfg = Release|Any CPU
		{9482755E-F809-4F3F-8105-724050F42BE6}.AppStore|ARM.Build.0 = Release|Any CPU
		{9482755E-F809-4F3F-8105-724050F42BE6}.AppStore|ARM.Deploy.0 = Release|Any CPU
		{9482755E-F809-4F3F-8105-724050F42BE6}.AppStore|iPhone.ActiveCfg = Release|Any CPU
		{9482755E-F809-4F3F-8105-724050F42BE6}.AppStore|iPhone.Build.0 = Release|Any CPU
		{9482755E-F809-4F3F-8105-724050F42BE6}.AppStore|iPhone.Deploy.0 = Release|Any CPU
		{9482755E-F809-4F3F-8105-724050F42BE6}.AppStore|iPhoneSimulator.ActiveCfg = Release|Any CPU
		{9482755E-F809-4F3F-8105-724050F42BE6}.AppStore|iPhoneSimulator.Build.0 = Release|Any CPU
		{9482755E-F809-4F3F-8105-724050F42BE6}.AppStore|iPhoneSimulator.Deploy.0 = Release|Any CPU
		{9482755E-F809-4F3F-8105-724050F42BE6}.AppStore|x64.ActiveCfg = Release|Any CPU
		{9482755E-F809-4F3F-8105-724050F42BE6}.AppStore|x64.Build.0 = Release|Any CPU
		{9482755E-F809-4F3F-8105-724050F42BE6}.AppStore|x64.Deploy.0 = Release|Any CPU
		{9482755E-F809-4F3F-8105-724050F42BE6}.AppStore|x86.ActiveCfg = Release|Any CPU
		{9482755E-F809-4F3F-8105-724050F42BE6}.AppStore|x86.Build.0 = Release|Any CPU
		{9482755E-F809-4F3F-8105-724050F42BE6}.AppStore|x86.Deploy.0 = Release|Any CPU
		{9482755E-F809-4F3F-8105-724050F42BE6}.Debug|Any CPU.ActiveCfg = Debug|Any CPU
		{9482755E-F809-4F3F-8105-724050F42BE6}.Debug|Any CPU.Build.0 = Debug|Any CPU
		{9482755E-F809-4F3F-8105-724050F42BE6}.Debug|Any CPU.Deploy.0 = Debug|Any CPU
		{9482755E-F809-4F3F-8105-724050F42BE6}.Debug|ARM.ActiveCfg = Debug|Any CPU
		{9482755E-F809-4F3F-8105-724050F42BE6}.Debug|ARM.Build.0 = Debug|Any CPU
		{9482755E-F809-4F3F-8105-724050F42BE6}.Debug|ARM.Deploy.0 = Debug|Any CPU
		{9482755E-F809-4F3F-8105-724050F42BE6}.Debug|iPhone.ActiveCfg = Debug|Any CPU
		{9482755E-F809-4F3F-8105-724050F42BE6}.Debug|iPhone.Build.0 = Debug|Any CPU
		{9482755E-F809-4F3F-8105-724050F42BE6}.Debug|iPhone.Deploy.0 = Debug|Any CPU
		{9482755E-F809-4F3F-8105-724050F42BE6}.Debug|iPhoneSimulator.ActiveCfg = Debug|Any CPU
		{9482755E-F809-4F3F-8105-724050F42BE6}.Debug|iPhoneSimulator.Build.0 = Debug|Any CPU
		{9482755E-F809-4F3F-8105-724050F42BE6}.Debug|iPhoneSimulator.Deploy.0 = Debug|Any CPU
		{9482755E-F809-4F3F-8105-724050F42BE6}.Debug|x64.ActiveCfg = Debug|Any CPU
		{9482755E-F809-4F3F-8105-724050F42BE6}.Debug|x64.Build.0 = Debug|Any CPU
		{9482755E-F809-4F3F-8105-724050F42BE6}.Debug|x64.Deploy.0 = Debug|Any CPU
		{9482755E-F809-4F3F-8105-724050F42BE6}.Debug|x86.ActiveCfg = Debug|Any CPU
		{9482755E-F809-4F3F-8105-724050F42BE6}.Debug|x86.Build.0 = Debug|Any CPU
		{9482755E-F809-4F3F-8105-724050F42BE6}.Debug|x86.Deploy.0 = Debug|Any CPU
		{9482755E-F809-4F3F-8105-724050F42BE6}.Release|Any CPU.ActiveCfg = Release|Any CPU
		{9482755E-F809-4F3F-8105-724050F42BE6}.Release|Any CPU.Build.0 = Release|Any CPU
		{9482755E-F809-4F3F-8105-724050F42BE6}.Release|Any CPU.Deploy.0 = Release|Any CPU
		{9482755E-F809-4F3F-8105-724050F42BE6}.Release|ARM.ActiveCfg = Release|Any CPU
		{9482755E-F809-4F3F-8105-724050F42BE6}.Release|ARM.Build.0 = Release|Any CPU
		{9482755E-F809-4F3F-8105-724050F42BE6}.Release|ARM.Deploy.0 = Release|Any CPU
		{9482755E-F809-4F3F-8105-724050F42BE6}.Release|iPhone.ActiveCfg = Release|Any CPU
		{9482755E-F809-4F3F-8105-724050F42BE6}.Release|iPhone.Build.0 = Release|Any CPU
		{9482755E-F809-4F3F-8105-724050F42BE6}.Release|iPhone.Deploy.0 = Release|Any CPU
		{9482755E-F809-4F3F-8105-724050F42BE6}.Release|iPhoneSimulator.ActiveCfg = Release|Any CPU
		{9482755E-F809-4F3F-8105-724050F42BE6}.Release|iPhoneSimulator.Build.0 = Release|Any CPU
		{9482755E-F809-4F3F-8105-724050F42BE6}.Release|iPhoneSimulator.Deploy.0 = Release|Any CPU
		{9482755E-F809-4F3F-8105-724050F42BE6}.Release|x64.ActiveCfg = Release|Any CPU
		{9482755E-F809-4F3F-8105-724050F42BE6}.Release|x64.Build.0 = Release|Any CPU
		{9482755E-F809-4F3F-8105-724050F42BE6}.Release|x64.Deploy.0 = Release|Any CPU
		{9482755E-F809-4F3F-8105-724050F42BE6}.Release|x86.ActiveCfg = Release|Any CPU
		{9482755E-F809-4F3F-8105-724050F42BE6}.Release|x86.Build.0 = Release|Any CPU
		{9482755E-F809-4F3F-8105-724050F42BE6}.Release|x86.Deploy.0 = Release|Any CPU
		{F89C9A6B-39A4-4976-92F0-82D0B2FE6FB2}.Ad-Hoc|Any CPU.ActiveCfg = Ad-Hoc|iPhone
		{F89C9A6B-39A4-4976-92F0-82D0B2FE6FB2}.Ad-Hoc|Any CPU.Build.0 = Ad-Hoc|iPhone
		{F89C9A6B-39A4-4976-92F0-82D0B2FE6FB2}.Ad-Hoc|Any CPU.Deploy.0 = Ad-Hoc|iPhone
		{F89C9A6B-39A4-4976-92F0-82D0B2FE6FB2}.Ad-Hoc|ARM.ActiveCfg = Ad-Hoc|iPhone
		{F89C9A6B-39A4-4976-92F0-82D0B2FE6FB2}.Ad-Hoc|ARM.Build.0 = Ad-Hoc|iPhone
		{F89C9A6B-39A4-4976-92F0-82D0B2FE6FB2}.Ad-Hoc|ARM.Deploy.0 = Ad-Hoc|iPhone
		{F89C9A6B-39A4-4976-92F0-82D0B2FE6FB2}.Ad-Hoc|iPhone.ActiveCfg = Ad-Hoc|iPhone
		{F89C9A6B-39A4-4976-92F0-82D0B2FE6FB2}.Ad-Hoc|iPhone.Build.0 = Ad-Hoc|iPhone
		{F89C9A6B-39A4-4976-92F0-82D0B2FE6FB2}.Ad-Hoc|iPhone.Deploy.0 = Ad-Hoc|iPhone
		{F89C9A6B-39A4-4976-92F0-82D0B2FE6FB2}.Ad-Hoc|iPhoneSimulator.ActiveCfg = Ad-Hoc|iPhoneSimulator
		{F89C9A6B-39A4-4976-92F0-82D0B2FE6FB2}.Ad-Hoc|iPhoneSimulator.Build.0 = Ad-Hoc|iPhoneSimulator
		{F89C9A6B-39A4-4976-92F0-82D0B2FE6FB2}.Ad-Hoc|iPhoneSimulator.Deploy.0 = Ad-Hoc|iPhoneSimulator
		{F89C9A6B-39A4-4976-92F0-82D0B2FE6FB2}.Ad-Hoc|x64.ActiveCfg = Ad-Hoc|iPhone
		{F89C9A6B-39A4-4976-92F0-82D0B2FE6FB2}.Ad-Hoc|x64.Build.0 = Ad-Hoc|iPhone
		{F89C9A6B-39A4-4976-92F0-82D0B2FE6FB2}.Ad-Hoc|x64.Deploy.0 = Ad-Hoc|iPhone
		{F89C9A6B-39A4-4976-92F0-82D0B2FE6FB2}.Ad-Hoc|x86.ActiveCfg = Ad-Hoc|iPhone
		{F89C9A6B-39A4-4976-92F0-82D0B2FE6FB2}.Ad-Hoc|x86.Build.0 = Ad-Hoc|iPhone
		{F89C9A6B-39A4-4976-92F0-82D0B2FE6FB2}.Ad-Hoc|x86.Deploy.0 = Ad-Hoc|iPhone
		{F89C9A6B-39A4-4976-92F0-82D0B2FE6FB2}.AppStore|Any CPU.ActiveCfg = AppStore|iPhone
		{F89C9A6B-39A4-4976-92F0-82D0B2FE6FB2}.AppStore|Any CPU.Build.0 = AppStore|iPhone
		{F89C9A6B-39A4-4976-92F0-82D0B2FE6FB2}.AppStore|Any CPU.Deploy.0 = AppStore|iPhone
		{F89C9A6B-39A4-4976-92F0-82D0B2FE6FB2}.AppStore|ARM.ActiveCfg = AppStore|iPhone
		{F89C9A6B-39A4-4976-92F0-82D0B2FE6FB2}.AppStore|ARM.Build.0 = AppStore|iPhone
		{F89C9A6B-39A4-4976-92F0-82D0B2FE6FB2}.AppStore|ARM.Deploy.0 = AppStore|iPhone
		{F89C9A6B-39A4-4976-92F0-82D0B2FE6FB2}.AppStore|iPhone.ActiveCfg = AppStore|iPhone
		{F89C9A6B-39A4-4976-92F0-82D0B2FE6FB2}.AppStore|iPhone.Build.0 = AppStore|iPhone
		{F89C9A6B-39A4-4976-92F0-82D0B2FE6FB2}.AppStore|iPhone.Deploy.0 = AppStore|iPhone
		{F89C9A6B-39A4-4976-92F0-82D0B2FE6FB2}.AppStore|iPhoneSimulator.ActiveCfg = AppStore|iPhoneSimulator
		{F89C9A6B-39A4-4976-92F0-82D0B2FE6FB2}.AppStore|iPhoneSimulator.Build.0 = AppStore|iPhoneSimulator
		{F89C9A6B-39A4-4976-92F0-82D0B2FE6FB2}.AppStore|iPhoneSimulator.Deploy.0 = AppStore|iPhoneSimulator
		{F89C9A6B-39A4-4976-92F0-82D0B2FE6FB2}.AppStore|x64.ActiveCfg = AppStore|iPhone
		{F89C9A6B-39A4-4976-92F0-82D0B2FE6FB2}.AppStore|x64.Build.0 = AppStore|iPhone
		{F89C9A6B-39A4-4976-92F0-82D0B2FE6FB2}.AppStore|x64.Deploy.0 = AppStore|iPhone
		{F89C9A6B-39A4-4976-92F0-82D0B2FE6FB2}.AppStore|x86.ActiveCfg = AppStore|iPhone
		{F89C9A6B-39A4-4976-92F0-82D0B2FE6FB2}.AppStore|x86.Build.0 = AppStore|iPhone
		{F89C9A6B-39A4-4976-92F0-82D0B2FE6FB2}.AppStore|x86.Deploy.0 = AppStore|iPhone
		{F89C9A6B-39A4-4976-92F0-82D0B2FE6FB2}.Debug|Any CPU.ActiveCfg = Debug|iPhoneSimulator
		{F89C9A6B-39A4-4976-92F0-82D0B2FE6FB2}.Debug|Any CPU.Build.0 = Debug|iPhoneSimulator
		{F89C9A6B-39A4-4976-92F0-82D0B2FE6FB2}.Debug|Any CPU.Deploy.0 = Debug|iPhoneSimulator
		{F89C9A6B-39A4-4976-92F0-82D0B2FE6FB2}.Debug|ARM.ActiveCfg = Debug|iPhone
		{F89C9A6B-39A4-4976-92F0-82D0B2FE6FB2}.Debug|ARM.Build.0 = Debug|iPhone
		{F89C9A6B-39A4-4976-92F0-82D0B2FE6FB2}.Debug|ARM.Deploy.0 = Debug|iPhone
		{F89C9A6B-39A4-4976-92F0-82D0B2FE6FB2}.Debug|iPhone.ActiveCfg = Debug|iPhone
		{F89C9A6B-39A4-4976-92F0-82D0B2FE6FB2}.Debug|iPhone.Build.0 = Debug|iPhone
		{F89C9A6B-39A4-4976-92F0-82D0B2FE6FB2}.Debug|iPhone.Deploy.0 = Debug|iPhone
		{F89C9A6B-39A4-4976-92F0-82D0B2FE6FB2}.Debug|iPhoneSimulator.ActiveCfg = Debug|iPhoneSimulator
		{F89C9A6B-39A4-4976-92F0-82D0B2FE6FB2}.Debug|iPhoneSimulator.Build.0 = Debug|iPhoneSimulator
		{F89C9A6B-39A4-4976-92F0-82D0B2FE6FB2}.Debug|iPhoneSimulator.Deploy.0 = Debug|iPhoneSimulator
		{F89C9A6B-39A4-4976-92F0-82D0B2FE6FB2}.Debug|x64.ActiveCfg = Debug|iPhone
		{F89C9A6B-39A4-4976-92F0-82D0B2FE6FB2}.Debug|x64.Build.0 = Debug|iPhone
		{F89C9A6B-39A4-4976-92F0-82D0B2FE6FB2}.Debug|x64.Deploy.0 = Debug|iPhone
		{F89C9A6B-39A4-4976-92F0-82D0B2FE6FB2}.Debug|x86.ActiveCfg = Debug|iPhone
		{F89C9A6B-39A4-4976-92F0-82D0B2FE6FB2}.Debug|x86.Build.0 = Debug|iPhone
		{F89C9A6B-39A4-4976-92F0-82D0B2FE6FB2}.Debug|x86.Deploy.0 = Debug|iPhone
		{F89C9A6B-39A4-4976-92F0-82D0B2FE6FB2}.Release|Any CPU.ActiveCfg = Release|iPhone
		{F89C9A6B-39A4-4976-92F0-82D0B2FE6FB2}.Release|Any CPU.Build.0 = Release|iPhone
		{F89C9A6B-39A4-4976-92F0-82D0B2FE6FB2}.Release|Any CPU.Deploy.0 = Release|iPhone
		{F89C9A6B-39A4-4976-92F0-82D0B2FE6FB2}.Release|ARM.ActiveCfg = Release|iPhone
		{F89C9A6B-39A4-4976-92F0-82D0B2FE6FB2}.Release|ARM.Build.0 = Release|iPhone
		{F89C9A6B-39A4-4976-92F0-82D0B2FE6FB2}.Release|ARM.Deploy.0 = Release|iPhone
		{F89C9A6B-39A4-4976-92F0-82D0B2FE6FB2}.Release|iPhone.ActiveCfg = Release|iPhone
		{F89C9A6B-39A4-4976-92F0-82D0B2FE6FB2}.Release|iPhone.Build.0 = Release|iPhone
		{F89C9A6B-39A4-4976-92F0-82D0B2FE6FB2}.Release|iPhone.Deploy.0 = Release|iPhone
		{F89C9A6B-39A4-4976-92F0-82D0B2FE6FB2}.Release|iPhoneSimulator.ActiveCfg = Release|iPhoneSimulator
		{F89C9A6B-39A4-4976-92F0-82D0B2FE6FB2}.Release|iPhoneSimulator.Build.0 = Release|iPhoneSimulator
		{F89C9A6B-39A4-4976-92F0-82D0B2FE6FB2}.Release|iPhoneSimulator.Deploy.0 = Release|iPhoneSimulator
		{F89C9A6B-39A4-4976-92F0-82D0B2FE6FB2}.Release|x64.ActiveCfg = Release|iPhone
		{F89C9A6B-39A4-4976-92F0-82D0B2FE6FB2}.Release|x64.Build.0 = Release|iPhone
		{F89C9A6B-39A4-4976-92F0-82D0B2FE6FB2}.Release|x64.Deploy.0 = Release|iPhone
		{F89C9A6B-39A4-4976-92F0-82D0B2FE6FB2}.Release|x86.ActiveCfg = Release|iPhone
		{F89C9A6B-39A4-4976-92F0-82D0B2FE6FB2}.Release|x86.Build.0 = Release|iPhone
		{F89C9A6B-39A4-4976-92F0-82D0B2FE6FB2}.Release|x86.Deploy.0 = Release|iPhone
		{0CEBD951-E3B7-4834-AFEF-A5908AF25D2F}.Ad-Hoc|Any CPU.ActiveCfg = Release|x86
		{0CEBD951-E3B7-4834-AFEF-A5908AF25D2F}.Ad-Hoc|Any CPU.Build.0 = Release|x86
		{0CEBD951-E3B7-4834-AFEF-A5908AF25D2F}.Ad-Hoc|Any CPU.Deploy.0 = Release|x86
		{0CEBD951-E3B7-4834-AFEF-A5908AF25D2F}.Ad-Hoc|ARM.ActiveCfg = Release|ARM
		{0CEBD951-E3B7-4834-AFEF-A5908AF25D2F}.Ad-Hoc|ARM.Build.0 = Release|ARM
		{0CEBD951-E3B7-4834-AFEF-A5908AF25D2F}.Ad-Hoc|ARM.Deploy.0 = Release|ARM
		{0CEBD951-E3B7-4834-AFEF-A5908AF25D2F}.Ad-Hoc|iPhone.ActiveCfg = Release|x86
		{0CEBD951-E3B7-4834-AFEF-A5908AF25D2F}.Ad-Hoc|iPhone.Build.0 = Release|x86
		{0CEBD951-E3B7-4834-AFEF-A5908AF25D2F}.Ad-Hoc|iPhone.Deploy.0 = Release|x86
		{0CEBD951-E3B7-4834-AFEF-A5908AF25D2F}.Ad-Hoc|iPhoneSimulator.ActiveCfg = Release|x86
		{0CEBD951-E3B7-4834-AFEF-A5908AF25D2F}.Ad-Hoc|iPhoneSimulator.Build.0 = Release|x86
		{0CEBD951-E3B7-4834-AFEF-A5908AF25D2F}.Ad-Hoc|iPhoneSimulator.Deploy.0 = Release|x86
		{0CEBD951-E3B7-4834-AFEF-A5908AF25D2F}.Ad-Hoc|x64.ActiveCfg = Release|x64
		{0CEBD951-E3B7-4834-AFEF-A5908AF25D2F}.Ad-Hoc|x64.Build.0 = Release|x64
		{0CEBD951-E3B7-4834-AFEF-A5908AF25D2F}.Ad-Hoc|x64.Deploy.0 = Release|x64
		{0CEBD951-E3B7-4834-AFEF-A5908AF25D2F}.Ad-Hoc|x86.ActiveCfg = Release|x86
		{0CEBD951-E3B7-4834-AFEF-A5908AF25D2F}.Ad-Hoc|x86.Build.0 = Release|x86
		{0CEBD951-E3B7-4834-AFEF-A5908AF25D2F}.Ad-Hoc|x86.Deploy.0 = Release|x86
		{0CEBD951-E3B7-4834-AFEF-A5908AF25D2F}.AppStore|Any CPU.ActiveCfg = Release|x86
		{0CEBD951-E3B7-4834-AFEF-A5908AF25D2F}.AppStore|Any CPU.Build.0 = Release|x86
		{0CEBD951-E3B7-4834-AFEF-A5908AF25D2F}.AppStore|Any CPU.Deploy.0 = Release|x86
		{0CEBD951-E3B7-4834-AFEF-A5908AF25D2F}.AppStore|ARM.ActiveCfg = Release|ARM
		{0CEBD951-E3B7-4834-AFEF-A5908AF25D2F}.AppStore|ARM.Build.0 = Release|ARM
		{0CEBD951-E3B7-4834-AFEF-A5908AF25D2F}.AppStore|ARM.Deploy.0 = Release|ARM
		{0CEBD951-E3B7-4834-AFEF-A5908AF25D2F}.AppStore|iPhone.ActiveCfg = Release|x86
		{0CEBD951-E3B7-4834-AFEF-A5908AF25D2F}.AppStore|iPhone.Build.0 = Release|x86
		{0CEBD951-E3B7-4834-AFEF-A5908AF25D2F}.AppStore|iPhone.Deploy.0 = Release|x86
		{0CEBD951-E3B7-4834-AFEF-A5908AF25D2F}.AppStore|iPhoneSimulator.ActiveCfg = Release|x86
		{0CEBD951-E3B7-4834-AFEF-A5908AF25D2F}.AppStore|iPhoneSimulator.Build.0 = Release|x86
		{0CEBD951-E3B7-4834-AFEF-A5908AF25D2F}.AppStore|iPhoneSimulator.Deploy.0 = Release|x86
		{0CEBD951-E3B7-4834-AFEF-A5908AF25D2F}.AppStore|x64.ActiveCfg = Release|x64
		{0CEBD951-E3B7-4834-AFEF-A5908AF25D2F}.AppStore|x64.Build.0 = Release|x64
		{0CEBD951-E3B7-4834-AFEF-A5908AF25D2F}.AppStore|x64.Deploy.0 = Release|x64
		{0CEBD951-E3B7-4834-AFEF-A5908AF25D2F}.AppStore|x86.ActiveCfg = Release|x86
		{0CEBD951-E3B7-4834-AFEF-A5908AF25D2F}.AppStore|x86.Build.0 = Release|x86
		{0CEBD951-E3B7-4834-AFEF-A5908AF25D2F}.AppStore|x86.Deploy.0 = Release|x86
		{0CEBD951-E3B7-4834-AFEF-A5908AF25D2F}.Debug|Any CPU.ActiveCfg = Debug|x86
		{0CEBD951-E3B7-4834-AFEF-A5908AF25D2F}.Debug|Any CPU.Build.0 = Debug|x86
		{0CEBD951-E3B7-4834-AFEF-A5908AF25D2F}.Debug|Any CPU.Deploy.0 = Debug|x86
		{0CEBD951-E3B7-4834-AFEF-A5908AF25D2F}.Debug|ARM.ActiveCfg = Debug|ARM
		{0CEBD951-E3B7-4834-AFEF-A5908AF25D2F}.Debug|ARM.Build.0 = Debug|ARM
		{0CEBD951-E3B7-4834-AFEF-A5908AF25D2F}.Debug|ARM.Deploy.0 = Debug|ARM
		{0CEBD951-E3B7-4834-AFEF-A5908AF25D2F}.Debug|iPhone.ActiveCfg = Debug|x86
		{0CEBD951-E3B7-4834-AFEF-A5908AF25D2F}.Debug|iPhone.Build.0 = Debug|x86
		{0CEBD951-E3B7-4834-AFEF-A5908AF25D2F}.Debug|iPhone.Deploy.0 = Debug|x86
		{0CEBD951-E3B7-4834-AFEF-A5908AF25D2F}.Debug|iPhoneSimulator.ActiveCfg = Debug|x86
		{0CEBD951-E3B7-4834-AFEF-A5908AF25D2F}.Debug|iPhoneSimulator.Build.0 = Debug|x86
		{0CEBD951-E3B7-4834-AFEF-A5908AF25D2F}.Debug|iPhoneSimulator.Deploy.0 = Debug|x86
		{0CEBD951-E3B7-4834-AFEF-A5908AF25D2F}.Debug|x64.ActiveCfg = Debug|x64
		{0CEBD951-E3B7-4834-AFEF-A5908AF25D2F}.Debug|x64.Build.0 = Debug|x64
		{0CEBD951-E3B7-4834-AFEF-A5908AF25D2F}.Debug|x64.Deploy.0 = Debug|x64
		{0CEBD951-E3B7-4834-AFEF-A5908AF25D2F}.Debug|x86.ActiveCfg = Debug|x86
		{0CEBD951-E3B7-4834-AFEF-A5908AF25D2F}.Debug|x86.Build.0 = Debug|x86
		{0CEBD951-E3B7-4834-AFEF-A5908AF25D2F}.Debug|x86.Deploy.0 = Debug|x86
		{0CEBD951-E3B7-4834-AFEF-A5908AF25D2F}.Release|Any CPU.ActiveCfg = Release|x86
		{0CEBD951-E3B7-4834-AFEF-A5908AF25D2F}.Release|Any CPU.Build.0 = Release|x86
		{0CEBD951-E3B7-4834-AFEF-A5908AF25D2F}.Release|Any CPU.Deploy.0 = Release|x86
		{0CEBD951-E3B7-4834-AFEF-A5908AF25D2F}.Release|ARM.ActiveCfg = Release|ARM
		{0CEBD951-E3B7-4834-AFEF-A5908AF25D2F}.Release|ARM.Build.0 = Release|ARM
		{0CEBD951-E3B7-4834-AFEF-A5908AF25D2F}.Release|ARM.Deploy.0 = Release|ARM
		{0CEBD951-E3B7-4834-AFEF-A5908AF25D2F}.Release|iPhone.ActiveCfg = Release|x86
		{0CEBD951-E3B7-4834-AFEF-A5908AF25D2F}.Release|iPhone.Build.0 = Release|x86
		{0CEBD951-E3B7-4834-AFEF-A5908AF25D2F}.Release|iPhone.Deploy.0 = Release|x86
		{0CEBD951-E3B7-4834-AFEF-A5908AF25D2F}.Release|iPhoneSimulator.ActiveCfg = Release|x86
		{0CEBD951-E3B7-4834-AFEF-A5908AF25D2F}.Release|iPhoneSimulator.Build.0 = Release|x86
		{0CEBD951-E3B7-4834-AFEF-A5908AF25D2F}.Release|iPhoneSimulator.Deploy.0 = Release|x86
		{0CEBD951-E3B7-4834-AFEF-A5908AF25D2F}.Release|x64.ActiveCfg = Release|x64
		{0CEBD951-E3B7-4834-AFEF-A5908AF25D2F}.Release|x64.Build.0 = Release|x64
		{0CEBD951-E3B7-4834-AFEF-A5908AF25D2F}.Release|x64.Deploy.0 = Release|x64
		{0CEBD951-E3B7-4834-AFEF-A5908AF25D2F}.Release|x86.ActiveCfg = Release|x86
		{0CEBD951-E3B7-4834-AFEF-A5908AF25D2F}.Release|x86.Build.0 = Release|x86
		{0CEBD951-E3B7-4834-AFEF-A5908AF25D2F}.Release|x86.Deploy.0 = Release|x86
		{BC3DB351-9E0F-4312-B937-3EA56EA3934A}.Ad-Hoc|Any CPU.ActiveCfg = Debug|Any CPU
		{BC3DB351-9E0F-4312-B937-3EA56EA3934A}.Ad-Hoc|Any CPU.Build.0 = Debug|Any CPU
		{BC3DB351-9E0F-4312-B937-3EA56EA3934A}.Ad-Hoc|Any CPU.Deploy.0 = Debug|Any CPU
		{BC3DB351-9E0F-4312-B937-3EA56EA3934A}.Ad-Hoc|ARM.ActiveCfg = Debug|Any CPU
		{BC3DB351-9E0F-4312-B937-3EA56EA3934A}.Ad-Hoc|ARM.Build.0 = Debug|Any CPU
		{BC3DB351-9E0F-4312-B937-3EA56EA3934A}.Ad-Hoc|ARM.Deploy.0 = Debug|Any CPU
		{BC3DB351-9E0F-4312-B937-3EA56EA3934A}.Ad-Hoc|iPhone.ActiveCfg = Debug|Any CPU
		{BC3DB351-9E0F-4312-B937-3EA56EA3934A}.Ad-Hoc|iPhone.Build.0 = Debug|Any CPU
		{BC3DB351-9E0F-4312-B937-3EA56EA3934A}.Ad-Hoc|iPhone.Deploy.0 = Debug|Any CPU
		{BC3DB351-9E0F-4312-B937-3EA56EA3934A}.Ad-Hoc|iPhoneSimulator.ActiveCfg = Debug|Any CPU
		{BC3DB351-9E0F-4312-B937-3EA56EA3934A}.Ad-Hoc|iPhoneSimulator.Build.0 = Debug|Any CPU
		{BC3DB351-9E0F-4312-B937-3EA56EA3934A}.Ad-Hoc|iPhoneSimulator.Deploy.0 = Debug|Any CPU
		{BC3DB351-9E0F-4312-B937-3EA56EA3934A}.Ad-Hoc|x64.ActiveCfg = Debug|Any CPU
		{BC3DB351-9E0F-4312-B937-3EA56EA3934A}.Ad-Hoc|x64.Build.0 = Debug|Any CPU
		{BC3DB351-9E0F-4312-B937-3EA56EA3934A}.Ad-Hoc|x64.Deploy.0 = Debug|Any CPU
		{BC3DB351-9E0F-4312-B937-3EA56EA3934A}.Ad-Hoc|x86.ActiveCfg = Debug|Any CPU
		{BC3DB351-9E0F-4312-B937-3EA56EA3934A}.Ad-Hoc|x86.Build.0 = Debug|Any CPU
		{BC3DB351-9E0F-4312-B937-3EA56EA3934A}.Ad-Hoc|x86.Deploy.0 = Debug|Any CPU
		{BC3DB351-9E0F-4312-B937-3EA56EA3934A}.AppStore|Any CPU.ActiveCfg = Debug|Any CPU
		{BC3DB351-9E0F-4312-B937-3EA56EA3934A}.AppStore|Any CPU.Build.0 = Debug|Any CPU
		{BC3DB351-9E0F-4312-B937-3EA56EA3934A}.AppStore|Any CPU.Deploy.0 = Debug|Any CPU
		{BC3DB351-9E0F-4312-B937-3EA56EA3934A}.AppStore|ARM.ActiveCfg = Debug|Any CPU
		{BC3DB351-9E0F-4312-B937-3EA56EA3934A}.AppStore|ARM.Build.0 = Debug|Any CPU
		{BC3DB351-9E0F-4312-B937-3EA56EA3934A}.AppStore|ARM.Deploy.0 = Debug|Any CPU
		{BC3DB351-9E0F-4312-B937-3EA56EA3934A}.AppStore|iPhone.ActiveCfg = Debug|Any CPU
		{BC3DB351-9E0F-4312-B937-3EA56EA3934A}.AppStore|iPhone.Build.0 = Debug|Any CPU
		{BC3DB351-9E0F-4312-B937-3EA56EA3934A}.AppStore|iPhone.Deploy.0 = Debug|Any CPU
		{BC3DB351-9E0F-4312-B937-3EA56EA3934A}.AppStore|iPhoneSimulator.ActiveCfg = Debug|Any CPU
		{BC3DB351-9E0F-4312-B937-3EA56EA3934A}.AppStore|iPhoneSimulator.Build.0 = Debug|Any CPU
		{BC3DB351-9E0F-4312-B937-3EA56EA3934A}.AppStore|iPhoneSimulator.Deploy.0 = Debug|Any CPU
		{BC3DB351-9E0F-4312-B937-3EA56EA3934A}.AppStore|x64.ActiveCfg = Debug|Any CPU
		{BC3DB351-9E0F-4312-B937-3EA56EA3934A}.AppStore|x64.Build.0 = Debug|Any CPU
		{BC3DB351-9E0F-4312-B937-3EA56EA3934A}.AppStore|x64.Deploy.0 = Debug|Any CPU
		{BC3DB351-9E0F-4312-B937-3EA56EA3934A}.AppStore|x86.ActiveCfg = Debug|Any CPU
		{BC3DB351-9E0F-4312-B937-3EA56EA3934A}.AppStore|x86.Build.0 = Debug|Any CPU
		{BC3DB351-9E0F-4312-B937-3EA56EA3934A}.AppStore|x86.Deploy.0 = Debug|Any CPU
		{BC3DB351-9E0F-4312-B937-3EA56EA3934A}.Debug|Any CPU.ActiveCfg = Debug|Any CPU
		{BC3DB351-9E0F-4312-B937-3EA56EA3934A}.Debug|Any CPU.Build.0 = Debug|Any CPU
		{BC3DB351-9E0F-4312-B937-3EA56EA3934A}.Debug|Any CPU.Deploy.0 = Debug|Any CPU
		{BC3DB351-9E0F-4312-B937-3EA56EA3934A}.Debug|ARM.ActiveCfg = Debug|Any CPU
		{BC3DB351-9E0F-4312-B937-3EA56EA3934A}.Debug|ARM.Build.0 = Debug|Any CPU
		{BC3DB351-9E0F-4312-B937-3EA56EA3934A}.Debug|ARM.Deploy.0 = Debug|Any CPU
		{BC3DB351-9E0F-4312-B937-3EA56EA3934A}.Debug|iPhone.ActiveCfg = Debug|Any CPU
		{BC3DB351-9E0F-4312-B937-3EA56EA3934A}.Debug|iPhone.Build.0 = Debug|Any CPU
		{BC3DB351-9E0F-4312-B937-3EA56EA3934A}.Debug|iPhone.Deploy.0 = Debug|Any CPU
		{BC3DB351-9E0F-4312-B937-3EA56EA3934A}.Debug|iPhoneSimulator.ActiveCfg = Debug|Any CPU
		{BC3DB351-9E0F-4312-B937-3EA56EA3934A}.Debug|iPhoneSimulator.Build.0 = Debug|Any CPU
		{BC3DB351-9E0F-4312-B937-3EA56EA3934A}.Debug|iPhoneSimulator.Deploy.0 = Debug|Any CPU
		{BC3DB351-9E0F-4312-B937-3EA56EA3934A}.Debug|x64.ActiveCfg = Debug|Any CPU
		{BC3DB351-9E0F-4312-B937-3EA56EA3934A}.Debug|x64.Build.0 = Debug|Any CPU
		{BC3DB351-9E0F-4312-B937-3EA56EA3934A}.Debug|x64.Deploy.0 = Debug|Any CPU
		{BC3DB351-9E0F-4312-B937-3EA56EA3934A}.Debug|x86.ActiveCfg = Debug|Any CPU
		{BC3DB351-9E0F-4312-B937-3EA56EA3934A}.Debug|x86.Build.0 = Debug|Any CPU
		{BC3DB351-9E0F-4312-B937-3EA56EA3934A}.Debug|x86.Deploy.0 = Debug|Any CPU
		{BC3DB351-9E0F-4312-B937-3EA56EA3934A}.Release|Any CPU.ActiveCfg = Release|Any CPU
		{BC3DB351-9E0F-4312-B937-3EA56EA3934A}.Release|Any CPU.Build.0 = Release|Any CPU
		{BC3DB351-9E0F-4312-B937-3EA56EA3934A}.Release|Any CPU.Deploy.0 = Release|Any CPU
		{BC3DB351-9E0F-4312-B937-3EA56EA3934A}.Release|ARM.ActiveCfg = Release|Any CPU
		{BC3DB351-9E0F-4312-B937-3EA56EA3934A}.Release|ARM.Build.0 = Release|Any CPU
		{BC3DB351-9E0F-4312-B937-3EA56EA3934A}.Release|ARM.Deploy.0 = Release|Any CPU
		{BC3DB351-9E0F-4312-B937-3EA56EA3934A}.Release|iPhone.ActiveCfg = Release|Any CPU
		{BC3DB351-9E0F-4312-B937-3EA56EA3934A}.Release|iPhone.Build.0 = Release|Any CPU
		{BC3DB351-9E0F-4312-B937-3EA56EA3934A}.Release|iPhone.Deploy.0 = Release|Any CPU
		{BC3DB351-9E0F-4312-B937-3EA56EA3934A}.Release|iPhoneSimulator.ActiveCfg = Release|Any CPU
		{BC3DB351-9E0F-4312-B937-3EA56EA3934A}.Release|iPhoneSimulator.Build.0 = Release|Any CPU
		{BC3DB351-9E0F-4312-B937-3EA56EA3934A}.Release|iPhoneSimulator.Deploy.0 = Release|Any CPU
		{BC3DB351-9E0F-4312-B937-3EA56EA3934A}.Release|x64.ActiveCfg = Release|Any CPU
		{BC3DB351-9E0F-4312-B937-3EA56EA3934A}.Release|x64.Build.0 = Release|Any CPU
		{BC3DB351-9E0F-4312-B937-3EA56EA3934A}.Release|x64.Deploy.0 = Release|Any CPU
		{BC3DB351-9E0F-4312-B937-3EA56EA3934A}.Release|x86.ActiveCfg = Release|Any CPU
		{BC3DB351-9E0F-4312-B937-3EA56EA3934A}.Release|x86.Build.0 = Release|Any CPU
		{BC3DB351-9E0F-4312-B937-3EA56EA3934A}.Release|x86.Deploy.0 = Release|Any CPU
	EndGlobalSection
	GlobalSection(SolutionProperties) = preSolution
		HideSolutionNode = FALSE
	EndGlobalSection
	GlobalSection(ExtensibilityGlobals) = postSolution
		SolutionGuid = {DE99B921-B51F-4AAD-96DE-FD55ED7A0486}
	EndGlobalSection
EndGlobal
